
Microsoft Visual Studio Solution File, Format Version 12.00
# Visual Studio Version 16
VisualStudioVersion = 16.0.31424.327
MinimumVisualStudioVersion = 10.0.40219.1
Project("{FAE04EC0-301F-11D3-BF4B-00C04F79EFBC}") = "ICRA_API", "ICRA_API\ICRA_API.csproj", "{E514707A-C56C-4055-B629-B1FCA9C3DAE7}"
EndProject
Global
	GlobalSection(SolutionConfigurationPlatforms) = preSolution
		Debug|Any CPU = Debug|Any CPU
		Release|Any CPU = Release|Any CPU
	EndGlobalSection
	GlobalSection(ProjectConfigurationPlatforms) = postSolution
		{E514707A-C56C-4055-B629-B1FCA9C3DAE7}.Debug|Any CPU.ActiveCfg = Debug|Any CPU
		{E514707A-C56C-4055-B629-B1FCA9C3DAE7}.Debug|Any CPU.Build.0 = Debug|Any CPU
		{E514707A-C56C-4055-B629-B1FCA9C3DAE7}.Release|Any CPU.ActiveCfg = Release|Any CPU
		{E514707A-C56C-4055-B629-B1FCA9C3DAE7}.Release|Any CPU.Build.0 = Release|Any CPU
	EndGlobalSection
	GlobalSection(SolutionProperties) = preSolution
		HideSolutionNode = FALSE
	EndGlobalSection
	GlobalSection(ExtensibilityGlobals) = postSolution
		SolutionGuid = {FDDBED29-F0D2-4491-B8AC-3FFEE5726C47}
	EndGlobalSection
EndGlobal
